{
  "version": 4,
  "terraform_version": "1.3.9",
  "serial": 8,
  "lineage": "c97c4526-3927-f623-7851-4c6402c4c8ff",
  "outputs": {},
  "resources": [
    {
      "module": "module.cpu_alert_policy.module.notification_channel",
      "mode": "managed",
      "type": "google_monitoring_notification_channel",
      "name": "email_notice",
      "provider": "provider[\"registry.terraform.io/hashicorp/google\"]",
      "instances": [
        {
          "schema_version": 0,
          "attributes": {
            "description": "",
            "display_name": "My_personal_email",
            "enabled": true,
            "force_delete": false,
            "id": "projects/fine-effect-382702/notificationChannels/14246672614830060326",
            "labels": {
              "email_address": "bekerik7@gmail.com"
            },
            "name": "projects/fine-effect-382702/notificationChannels/14246672614830060326",
            "project": "fine-effect-382702",
            "sensitive_labels": [],
            "timeouts": null,
            "type": "email",
            "user_labels": null,
            "verification_status": ""
          },
          "sensitive_attributes": [],
          "private": "eyJlMmJmYjczMC1lY2FhLTExZTYtOGY4OC0zNDM2M2JjN2M0YzAiOnsiY3JlYXRlIjoxMjAwMDAwMDAwMDAwLCJkZWxldGUiOjEyMDAwMDAwMDAwMDAsInVwZGF0ZSI6MTIwMDAwMDAwMDAwMH19"
        }
      ]
    },
    {
      "module": "module.ram_alert_policy.module.notification_channel",
      "mode": "managed",
      "type": "google_monitoring_notification_channel",
      "name": "email_notice",
      "provider": "provider[\"registry.terraform.io/hashicorp/google\"]",
      "instances": [
        {
          "schema_version": 0,
          "attributes": {
            "description": "",
            "display_name": "My_personal_email",
            "enabled": true,
            "force_delete": false,
            "id": "projects/fine-effect-382702/notificationChannels/8310352633201907174",
            "labels": {
              "email_address": "bekerik7@gmail.com"
            },
            "name": "projects/fine-effect-382702/notificationChannels/8310352633201907174",
            "project": "fine-effect-382702",
            "sensitive_labels": [],
            "timeouts": null,
            "type": "email",
            "user_labels": null,
            "verification_status": ""
          },
          "sensitive_attributes": [],
          "private": "eyJlMmJmYjczMC1lY2FhLTExZTYtOGY4OC0zNDM2M2JjN2M0YzAiOnsiY3JlYXRlIjoxMjAwMDAwMDAwMDAwLCJkZWxldGUiOjEyMDAwMDAwMDAwMDAsInVwZGF0ZSI6MTIwMDAwMDAwMDAwMH19"
        }
      ]
    }
  ],
  "check_results": null
}
